# This file is automatically @generated by Cargo.
# It is not intended for manual editing.
version = 3

[[package]]
name = "app"
version = "0.1.0"
dependencies = [
 "backyard",
]

[[package]]
name = "backyard"
version = "0.2.0"
source = "git+https://github.com/ZemanOndrej/backyard.git?tag=0.2.0#6a367e00d5b00d51eeb898bc66e4c7f3c616b2f5"
